
Microsoft Visual Studio Solution File, Format Version 11.00
# Visual Studio 2010
Project("{FAE04EC0-301F-11D3-BF4B-00C04F79EFBC}") = "Explosion", "Assembly-CSharp.csproj", "{93471A0D-FC51-7701-EA60-68F765C5A8EA}"
EndProject
Project("{FAE04EC0-301F-11D3-BF4B-00C04F79EFBC}") = "Explosion", "Assembly-CSharp-firstpass.csproj", "{4A905525-0934-4FC3-DF61-DD4F49158988}"
EndProject
Project("{FAE04EC0-301F-11D3-BF4B-00C04F79EFBC}") = "Explosion", "Assembly-CSharp-Editor-firstpass.csproj", "{6525C278-D22B-A905-3402-5E918EFA8B46}"
EndProject
Global
	GlobalSection(SolutionConfigurationPlatforms) = preSolution
		Debug|Any CPU = Debug|Any CPU
		Release|Any CPU = Release|Any CPU
	EndGlobalSection
	GlobalSection(ProjectConfigurationPlatforms) = postSolution
		{93471A0D-FC51-7701-EA60-68F765C5A8EA}.Debug|Any CPU.ActiveCfg = Debug|Any CPU
		{93471A0D-FC51-7701-EA60-68F765C5A8EA}.Debug|Any CPU.Build.0 = Debug|Any CPU
		{93471A0D-FC51-7701-EA60-68F765C5A8EA}.Release|Any CPU.ActiveCfg = Release|Any CPU
		{93471A0D-FC51-7701-EA60-68F765C5A8EA}.Release|Any CPU.Build.0 = Release|Any CPU
		{4A905525-0934-4FC3-DF61-DD4F49158988}.Debug|Any CPU.ActiveCfg = Debug|Any CPU
		{4A905525-0934-4FC3-DF61-DD4F49158988}.Debug|Any CPU.Build.0 = Debug|Any CPU
		{4A905525-0934-4FC3-DF61-DD4F49158988}.Release|Any CPU.ActiveCfg = Release|Any CPU
		{4A905525-0934-4FC3-DF61-DD4F49158988}.Release|Any CPU.Build.0 = Release|Any CPU
		{6525C278-D22B-A905-3402-5E918EFA8B46}.Debug|Any CPU.ActiveCfg = Debug|Any CPU
		{6525C278-D22B-A905-3402-5E918EFA8B46}.Debug|Any CPU.Build.0 = Debug|Any CPU
		{6525C278-D22B-A905-3402-5E918EFA8B46}.Release|Any CPU.ActiveCfg = Release|Any CPU
		{6525C278-D22B-A905-3402-5E918EFA8B46}.Release|Any CPU.Build.0 = Release|Any CPU
	EndGlobalSection
	GlobalSection(SolutionProperties) = preSolution
		HideSolutionNode = FALSE
	EndGlobalSection
	GlobalSection(MonoDevelopProperties) = preSolution
		StartupItem = Assembly-CSharp.csproj
	EndGlobalSection
EndGlobal
